{
  "name": "metalsmith-collection-metadata",
  "version": "1.0.0",
  "lockfileVersion": 1,
  "requires": true,
  "dependencies": {
    "component-props": {
      "version": "1.1.1",
      "resolved": "https://registry.npmjs.org/component-props/-/component-props-1.1.1.tgz",
      "integrity": "sha1-+bffm5kntubZfJvScqqGdnDzSUQ="
    },
    "object-assign": {
      "version": "4.1.1",
      "resolved": "https://registry.npmjs.org/object-assign/-/object-assign-4.1.1.tgz",
      "integrity": "sha1-IQmtx5ZYh8/AXLvUQsrIv7s2CGM="
    },
    "to-function": {
      "version": "2.0.6",
      "resolved": "https://registry.npmjs.org/to-function/-/to-function-2.0.6.tgz",
      "integrity": "sha1-fVbNnDuS+o29eyLoPVGSTedA68U=",
      "requires": {
        "component-props": "*"
      }
    }
  }
}
